
Microsoft Visual Studio Solution File, Format Version 12.00
# Visual Studio 15
VisualStudioVersion = 15.0.27428.2015
MinimumVisualStudioVersion = 10.0.40219.1
Project("{FAE04EC0-301F-11D3-BF4B-00C04F79EFBC}") = "QRCoder.Unity.NET40", "QRCoder.Unity\QRCoder.Unity.NET40.csproj", "{A68DD9CA-828E-4908-8352-0A2B53621F37}"
EndProject
Global
	GlobalSection(SolutionConfigurationPlatforms) = preSolution
		Debug|Any CPU = Debug|Any CPU
		Release|Any CPU = Release|Any CPU
	EndGlobalSection
	GlobalSection(ProjectConfigurationPlatforms) = postSolution
		{A68DD9CA-828E-4908-8352-0A2B53621F37}.Debug|Any CPU.ActiveCfg = Debug|Any CPU
		{A68DD9CA-828E-4908-8352-0A2B53621F37}.Debug|Any CPU.Build.0 = Debug|Any CPU
		{A68DD9CA-828E-4908-8352-0A2B53621F37}.Release|Any CPU.ActiveCfg = Release|Any CPU
		{A68DD9CA-828E-4908-8352-0A2B53621F37}.Release|Any CPU.Build.0 = Release|Any CPU
	EndGlobalSection
	GlobalSection(SolutionProperties) = preSolution
		HideSolutionNode = FALSE
	EndGlobalSection
	GlobalSection(ExtensibilityGlobals) = postSolution
		SolutionGuid = {2BD82F01-DC30-43E3-87BB-865AC38BA6A3}
	EndGlobalSection
EndGlobal
