
Microsoft Visual Studio Solution File, Format Version 11.00
# Visual Studio 2010
Project("{FAE04EC0-301F-11D3-BF4B-00C04F79EFBC}") = "Assembly-CSharp", "Assembly-CSharp.csproj", "{50D109E7-D65C-188D-7DF0-B4A2559F0FEB}"
EndProject
Global
	GlobalSection(SolutionConfigurationPlatforms) = preSolution
		Debug|Any CPU = Debug|Any CPU
		Release|Any CPU = Release|Any CPU
	EndGlobalSection
	GlobalSection(ProjectConfigurationPlatforms) = postSolution
		{50D109E7-D65C-188D-7DF0-B4A2559F0FEB}.Debug|Any CPU.ActiveCfg = Debug|Any CPU
		{50D109E7-D65C-188D-7DF0-B4A2559F0FEB}.Debug|Any CPU.Build.0 = Debug|Any CPU
		{50D109E7-D65C-188D-7DF0-B4A2559F0FEB}.Release|Any CPU.ActiveCfg = Release|Any CPU
		{50D109E7-D65C-188D-7DF0-B4A2559F0FEB}.Release|Any CPU.Build.0 = Release|Any CPU
	EndGlobalSection
	GlobalSection(SolutionProperties) = preSolution
		HideSolutionNode = FALSE
	EndGlobalSection
	GlobalSection(MonoDevelopProperties) = preSolution
		StartupItem = Assembly-CSharp.csproj
	EndGlobalSection
EndGlobal
